{
  "version": 4,
  "terraform_version": "1.14.4",
  "serial": 5,
  "lineage": "2f205269-2188-4448-f29d-6902344cc93c",
  "outputs": {
    "bucket_arn": {
      "value": "arn:aws:s3:::sir-thewill-day1-20260216",
      "type": "string"
    },
    "bucket_name": {
      "value": "sir-thewill-day1-20260216",
      "type": "string"
    }
  },
  "resources": [
    {
      "mode": "managed",
      "type": "aws_s3_bucket",
      "name": "portfolio_bucket",
      "provider": "provider[\"registry.terraform.io/hashicorp/aws\"]",
      "instances": [
        {
          "schema_version": 0,
          "attributes": {
            "acceleration_status": "",
            "acl": null,
            "arn": "arn:aws:s3:::sir-thewill-day1-20260216",
            "bucket": "sir-thewill-day1-20260216",
            "bucket_domain_name": "sir-thewill-day1-20260216.s3.amazonaws.com",
            "bucket_prefix": "",
            "bucket_regional_domain_name": "sir-thewill-day1-20260216.s3.us-east-1.amazonaws.com",
            "cors_rule": [],
            "force_destroy": false,
            "grant": [
              {
                "id": "5327040c3634d72239893f6c0ce419a5d7558f2a5d66b364d3b2485da8caaa9e",
                "permissions": [
                  "FULL_CONTROL"
                ],
                "type": "CanonicalUser",
                "uri": ""
              }
            ],
            "hosted_zone_id": "Z3AQBSTGFYJSTF",
            "id": "sir-thewill-day1-20260216",
            "lifecycle_rule": [],
            "logging": [],
            "object_lock_configuration": [],
            "object_lock_enabled": false,
            "policy": "",
            "region": "us-east-1",
            "replication_configuration": [],
            "request_payer": "BucketOwner",
            "server_side_encryption_configuration": [
              {
                "rule": [
                  {
                    "apply_server_side_encryption_by_default": [
                      {
                        "kms_master_key_id": "",
                        "sse_algorithm": "AES256"
                      }
                    ],
                    "bucket_key_enabled": false
                  }
                ]
              }
            ],
            "tags": {
              "Day": "1",
              "Environment": "learning",
              "Name": "DevOps-Challenge-Portfolio",
              "Owner": "Sir-TheWIll"
            },
            "tags_all": {
              "Day": "1",
              "Environment": "learning",
              "Name": "DevOps-Challenge-Portfolio",
              "Owner": "Sir-TheWIll"
            },
            "timeouts": null,
            "versioning": [
              {
                "enabled": false,
                "mfa_delete": false
              }
            ],
            "website": [],
            "website_domain": null,
            "website_endpoint": null
          },
          "sensitive_attributes": [],
          "identity_schema_version": 0,
          "private": "eyJlMmJmYjczMC1lY2FhLTExZTYtOGY4OC0zNDM2M2JjN2M0YzAiOnsiY3JlYXRlIjoxMjAwMDAwMDAwMDAwLCJkZWxldGUiOjM2MDAwMDAwMDAwMDAsInJlYWQiOjEyMDAwMDAwMDAwMDAsInVwZGF0ZSI6MTIwMDAwMDAwMDAwMH19"
        }
      ]
    },
    {
      "mode": "managed",
      "type": "aws_s3_bucket_versioning",
      "name": "portfolio_versioning",
      "provider": "provider[\"registry.terraform.io/hashicorp/aws\"]",
      "instances": [
        {
          "schema_version": 0,
          "attributes": {
            "bucket": "sir-thewill-day1-20260216",
            "expected_bucket_owner": "",
            "id": "sir-thewill-day1-20260216",
            "mfa": null,
            "versioning_configuration": [
              {
                "mfa_delete": "",
                "status": "Enabled"
              }
            ]
          },
          "sensitive_attributes": [],
          "identity_schema_version": 0,
          "private": "bnVsbA==",
          "dependencies": [
            "aws_s3_bucket.portfolio_bucket"
          ]
        }
      ]
    }
  ],
  "check_results": null
}
